
Microsoft Visual Studio Solution File, Format Version 12.00
# Visual Studio Version 16
VisualStudioVersion = 16.0.29102.190
MinimumVisualStudioVersion = 10.0.40219.1
Project("{2150E333-8FDC-42A3-9474-1A3956D46DE8}") = "1 - Application", "1 - Application", "{2E2ABC54-2BC3-4060-AF62-AA57D1517412}"
EndProject
Project("{2150E333-8FDC-42A3-9474-1A3956D46DE8}") = "2 - Api", "2 - Api", "{BB553B52-E090-4E59-82B6-184C9C212B1C}"
EndProject
Project("{2150E333-8FDC-42A3-9474-1A3956D46DE8}") = "3 - Services", "3 - Services", "{72938A97-1068-44E4-BE0B-EF76BFDEA3D1}"
EndProject
Project("{2150E333-8FDC-42A3-9474-1A3956D46DE8}") = "4 - Business", "4 - Business", "{5FBEEC4B-F13E-4695-9DB2-45B9EF1C8CD3}"
EndProject
Project("{2150E333-8FDC-42A3-9474-1A3956D46DE8}") = "5 - Domain", "5 - Domain", "{A8315CA9-871D-4BCF-8D4F-962F51CBFA8B}"
EndProject
Project("{2150E333-8FDC-42A3-9474-1A3956D46DE8}") = "6 - Repository", "6 - Repository", "{2B600330-872E-4FD3-B1B2-1039DFA72E7A}"
EndProject
Project("{FAE04EC0-301F-11D3-BF4B-00C04F79EFBC}") = "PS.Domain", "src\PS.Domain\PS.Domain.csproj", "{71974E68-F1E9-484F-AD94-C27CDBD73889}"
EndProject
Project("{FAE04EC0-301F-11D3-BF4B-00C04F79EFBC}") = "PS.Repository", "src\PS.Repository\PS.Repository.csproj", "{A486CCDA-D3CD-4BE3-981E-0C206D14A03B}"
EndProject
Project("{FAE04EC0-301F-11D3-BF4B-00C04F79EFBC}") = "PS.Business", "src\PS.Business\PS.Business.csproj", "{B1C3E0DD-FBC1-4CDF-B018-64A525128CAE}"
EndProject
Project("{FAE04EC0-301F-11D3-BF4B-00C04F79EFBC}") = "PS.Services", "src\PS.Services\PS.Services.csproj", "{F24FA598-12FD-4D57-BBC7-3CF4CF7AFF9D}"
EndProject
Project("{FAE04EC0-301F-11D3-BF4B-00C04F79EFBC}") = "PS.WebAPI", "src\PS.WebAPI\PS.WebAPI.csproj", "{E22E1599-476D-42B9-A580-AA640164EE32}"
EndProject
Project("{FAE04EC0-301F-11D3-BF4B-00C04F79EFBC}") = "PS.WebUI", "src\PS.WebUI\PS.WebUI.csproj", "{96363C53-E98A-4AF3-B1D1-38D0AB74349B}"
EndProject
Project("{2150E333-8FDC-42A3-9474-1A3956D46DE8}") = "7 - CrossCutting", "7 - CrossCutting", "{E4CC52C2-12FD-413B-B08E-9FD8C939659F}"
EndProject
Project("{FAE04EC0-301F-11D3-BF4B-00C04F79EFBC}") = "PS.CrossCutting", "src\PS.CrossCutting\PS.CrossCutting.csproj", "{1E3C4083-639A-4027-8396-0F8C128C6051}"
EndProject
Global
	GlobalSection(SolutionConfigurationPlatforms) = preSolution
		Debug|Any CPU = Debug|Any CPU
		Release|Any CPU = Release|Any CPU
	EndGlobalSection
	GlobalSection(ProjectConfigurationPlatforms) = postSolution
		{71974E68-F1E9-484F-AD94-C27CDBD73889}.Debug|Any CPU.ActiveCfg = Debug|Any CPU
		{71974E68-F1E9-484F-AD94-C27CDBD73889}.Debug|Any CPU.Build.0 = Debug|Any CPU
		{71974E68-F1E9-484F-AD94-C27CDBD73889}.Release|Any CPU.ActiveCfg = Release|Any CPU
		{71974E68-F1E9-484F-AD94-C27CDBD73889}.Release|Any CPU.Build.0 = Release|Any CPU
		{A486CCDA-D3CD-4BE3-981E-0C206D14A03B}.Debug|Any CPU.ActiveCfg = Debug|Any CPU
		{A486CCDA-D3CD-4BE3-981E-0C206D14A03B}.Debug|Any CPU.Build.0 = Debug|Any CPU
		{A486CCDA-D3CD-4BE3-981E-0C206D14A03B}.Release|Any CPU.ActiveCfg = Release|Any CPU
		{A486CCDA-D3CD-4BE3-981E-0C206D14A03B}.Release|Any CPU.Build.0 = Release|Any CPU
		{B1C3E0DD-FBC1-4CDF-B018-64A525128CAE}.Debug|Any CPU.ActiveCfg = Debug|Any CPU
		{B1C3E0DD-FBC1-4CDF-B018-64A525128CAE}.Debug|Any CPU.Build.0 = Debug|Any CPU
		{B1C3E0DD-FBC1-4CDF-B018-64A525128CAE}.Release|Any CPU.ActiveCfg = Release|Any CPU
		{B1C3E0DD-FBC1-4CDF-B018-64A525128CAE}.Release|Any CPU.Build.0 = Release|Any CPU
		{F24FA598-12FD-4D57-BBC7-3CF4CF7AFF9D}.Debug|Any CPU.ActiveCfg = Debug|Any CPU
		{F24FA598-12FD-4D57-BBC7-3CF4CF7AFF9D}.Debug|Any CPU.Build.0 = Debug|Any CPU
		{F24FA598-12FD-4D57-BBC7-3CF4CF7AFF9D}.Release|Any CPU.ActiveCfg = Release|Any CPU
		{F24FA598-12FD-4D57-BBC7-3CF4CF7AFF9D}.Release|Any CPU.Build.0 = Release|Any CPU
		{E22E1599-476D-42B9-A580-AA640164EE32}.Debug|Any CPU.ActiveCfg = Debug|Any CPU
		{E22E1599-476D-42B9-A580-AA640164EE32}.Debug|Any CPU.Build.0 = Debug|Any CPU
		{E22E1599-476D-42B9-A580-AA640164EE32}.Release|Any CPU.ActiveCfg = Release|Any CPU
		{E22E1599-476D-42B9-A580-AA640164EE32}.Release|Any CPU.Build.0 = Release|Any CPU
		{96363C53-E98A-4AF3-B1D1-38D0AB74349B}.Debug|Any CPU.ActiveCfg = Debug|Any CPU
		{96363C53-E98A-4AF3-B1D1-38D0AB74349B}.Debug|Any CPU.Build.0 = Debug|Any CPU
		{96363C53-E98A-4AF3-B1D1-38D0AB74349B}.Release|Any CPU.ActiveCfg = Release|Any CPU
		{96363C53-E98A-4AF3-B1D1-38D0AB74349B}.Release|Any CPU.Build.0 = Release|Any CPU
		{1E3C4083-639A-4027-8396-0F8C128C6051}.Debug|Any CPU.ActiveCfg = Debug|Any CPU
		{1E3C4083-639A-4027-8396-0F8C128C6051}.Debug|Any CPU.Build.0 = Debug|Any CPU
		{1E3C4083-639A-4027-8396-0F8C128C6051}.Release|Any CPU.ActiveCfg = Release|Any CPU
		{1E3C4083-639A-4027-8396-0F8C128C6051}.Release|Any CPU.Build.0 = Release|Any CPU
	EndGlobalSection
	GlobalSection(SolutionProperties) = preSolution
		HideSolutionNode = FALSE
	EndGlobalSection
	GlobalSection(NestedProjects) = preSolution
		{71974E68-F1E9-484F-AD94-C27CDBD73889} = {A8315CA9-871D-4BCF-8D4F-962F51CBFA8B}
		{A486CCDA-D3CD-4BE3-981E-0C206D14A03B} = {2B600330-872E-4FD3-B1B2-1039DFA72E7A}
		{B1C3E0DD-FBC1-4CDF-B018-64A525128CAE} = {5FBEEC4B-F13E-4695-9DB2-45B9EF1C8CD3}
		{F24FA598-12FD-4D57-BBC7-3CF4CF7AFF9D} = {72938A97-1068-44E4-BE0B-EF76BFDEA3D1}
		{E22E1599-476D-42B9-A580-AA640164EE32} = {BB553B52-E090-4E59-82B6-184C9C212B1C}
		{96363C53-E98A-4AF3-B1D1-38D0AB74349B} = {2E2ABC54-2BC3-4060-AF62-AA57D1517412}
		{1E3C4083-639A-4027-8396-0F8C128C6051} = {E4CC52C2-12FD-413B-B08E-9FD8C939659F}
	EndGlobalSection
	GlobalSection(ExtensibilityGlobals) = postSolution
		SolutionGuid = {81A93230-AFE8-45BB-B73B-1E2CFF0D4469}
	EndGlobalSection
EndGlobal
